
Microsoft Visual Studio Solution File, Format Version 12.00
# Visual Studio Version 17
VisualStudioVersion = 17.6.33815.320
MinimumVisualStudioVersion = 10.0.40219.1
Project("{9A19103F-16F7-4668-BE54-9A1E7A4F7556}") = "referral_management_system_1", "referral_management_system_1.csproj", "{549E4459-6872-4156-99AE-D0C4C44787BE}"
EndProject
Project("{9A19103F-16F7-4668-BE54-9A1E7A4F7556}") = "referral_management_frontend", "..\referral_management_frontend\referral_management_frontend.csproj", "{57843467-8B63-4B9F-97C2-46A41075FE92}"
EndProject
Global
	GlobalSection(SolutionConfigurationPlatforms) = preSolution
		Debug|Any CPU = Debug|Any CPU
		Release|Any CPU = Release|Any CPU
	EndGlobalSection
	GlobalSection(ProjectConfigurationPlatforms) = postSolution
		{549E4459-6872-4156-99AE-D0C4C44787BE}.Debug|Any CPU.ActiveCfg = Debug|Any CPU
		{549E4459-6872-4156-99AE-D0C4C44787BE}.Debug|Any CPU.Build.0 = Debug|Any CPU
		{549E4459-6872-4156-99AE-D0C4C44787BE}.Release|Any CPU.ActiveCfg = Release|Any CPU
		{549E4459-6872-4156-99AE-D0C4C44787BE}.Release|Any CPU.Build.0 = Release|Any CPU
		{57843467-8B63-4B9F-97C2-46A41075FE92}.Debug|Any CPU.ActiveCfg = Debug|Any CPU
		{57843467-8B63-4B9F-97C2-46A41075FE92}.Debug|Any CPU.Build.0 = Debug|Any CPU
		{57843467-8B63-4B9F-97C2-46A41075FE92}.Release|Any CPU.ActiveCfg = Release|Any CPU
		{57843467-8B63-4B9F-97C2-46A41075FE92}.Release|Any CPU.Build.0 = Release|Any CPU
	EndGlobalSection
	GlobalSection(SolutionProperties) = preSolution
		HideSolutionNode = FALSE
	EndGlobalSection
	GlobalSection(ExtensibilityGlobals) = postSolution
		SolutionGuid = {36316D75-2BDE-43DF-ADD4-A2D2629DDEA4}
	EndGlobalSection
EndGlobal
